{
  "lockfileVersion": 1,
  "configVersion": 0,
  "workspaces": {
    "": {
      "name": "memoli",
      "devDependencies": {
        "@types/bun": "latest",
        "@typescript/native-preview": "^7.0.0-dev.20251209.1",
        "oxfmt": "^0.17.0",
        "oxlint": "^1.32.0",
        "oxlint-tsgolint": "^0.8.4",
      },
    },
  },
  "packages": {
    "@oxfmt/darwin-arm64": ["@oxfmt/darwin-arm64@0.17.0", "", { "os": "darwin", "cpu": "arm64" }, "sha512-OMv0tOb+xiwSZKjYbM6TwMSP5QwFJlBGQmEsk98QJ30sHhdyC//0UvGKuR0KZuzZW4E0+k0rHDmos1Z5DmBEkA=="],

    "@oxfmt/darwin-x64": ["@oxfmt/darwin-x64@0.17.0", "", { "os": "darwin", "cpu": "x64" }, "sha512-trzidyzryKIdL/cLCYU9IwprgJegVBUrz1rqzOMe5is+qdgH/RxTCvhYUNFzxRHpil3g4QUYd2Ja831tc5Nehg=="],

    "@oxfmt/linux-arm64-gnu": ["@oxfmt/linux-arm64-gnu@0.17.0", "", { "os": "linux", "cpu": "arm64" }, "sha512-KlwzidgvHznbUaaglZT1goTS30osTV553pfbKve9B1PyTDkluNDfm/polOaf3SVLN7wL/NNLFZRMupvJ1eJXAw=="],

    "@oxfmt/linux-arm64-musl": ["@oxfmt/linux-arm64-musl@0.17.0", "", { "os": "linux", "cpu": "arm64" }, "sha512-+tbYJTocF4BNLaQQbc/xrBWTNgiU6zmYeF4NvRDxuuQjDOnmUZPn0EED3PZBRJyg4/YllhplHDo8x+gfcb9G3A=="],

    "@oxfmt/linux-x64-gnu": ["@oxfmt/linux-x64-gnu@0.17.0", "", { "os": "linux", "cpu": "x64" }, "sha512-pEmv7zJIw2HpnA4Tn1xrfJNGi2wOH2+usT14Pkvf/c5DdB+pOir6k/5jzfe70+V3nEtmtV9Lm+spndN/y6+X7A=="],

    "@oxfmt/linux-x64-musl": ["@oxfmt/linux-x64-musl@0.17.0", "", { "os": "linux", "cpu": "x64" }, "sha512-+DrFSCZWyFdtEAWR5xIBTV8GX0RA9iB+y7ZlJPRAXrNG8TdBY9vc7/MIGolIgrkMPK4mGMn07YG/qEyPY+iKaw=="],

    "@oxfmt/win32-arm64": ["@oxfmt/win32-arm64@0.17.0", "", { "os": "win32", "cpu": "arm64" }, "sha512-FoUZRR7mVpTYIaY/qz2BYwzqMnL+HsUxmMWAIy6nl29UEkDgxNygULJ4rIGY4/Axne41fhtldLrSGBOpwNm3jA=="],

    "@oxfmt/win32-x64": ["@oxfmt/win32-x64@0.17.0", "", { "os": "win32", "cpu": "x64" }, "sha512-fBIcUpHmCwf3leWlo0cYwLb9Pd2mzxQlZYJX9dD9nylPvsxOnsy9fmsaflpj34O0JbQJN3Y0SRkoaCcHHlxFww=="],

    "@oxlint-tsgolint/darwin-arm64": ["@oxlint-tsgolint/darwin-arm64@0.8.4", "", { "os": "darwin", "cpu": "arm64" }, "sha512-aygL+K1tOIDXkGncB8q6DbwQjK6CD81sfsUNmhQUcYNNgpOAc88BWyCR3Si8/nlu4sQOdydmfjeVJqJsHaQUxQ=="],

    "@oxlint-tsgolint/darwin-x64": ["@oxlint-tsgolint/darwin-x64@0.8.4", "", { "os": "darwin", "cpu": "x64" }, "sha512-rc4iOtwir3eK+f4eh8EzYyVvtwNlkIP+7WkVfkFydNJ1wzzrAZvn2TT1C9U6vcFaaDp2aDM3jie3ZwmMghQxbA=="],

    "@oxlint-tsgolint/linux-arm64": ["@oxlint-tsgolint/linux-arm64@0.8.4", "", { "os": "linux", "cpu": "arm64" }, "sha512-Wbdr640YAG7++2GAeHGDDijA69XwC3xQRp4hgaz6wR+JK6VWXQpeaHKW8v9axNLH9AVlnjUbEpZSh2MPkOpF3Q=="],

    "@oxlint-tsgolint/linux-x64": ["@oxlint-tsgolint/linux-x64@0.8.4", "", { "os": "linux", "cpu": "x64" }, "sha512-nWg57xz4xA++COoEb26RnwiMOOA+wfzipOSfqz/xSCwEXQDKryXfYMl7no7a3MsneHP2f4/JbOrDHbYishm3rw=="],

    "@oxlint-tsgolint/win32-arm64": ["@oxlint-tsgolint/win32-arm64@0.8.4", "", { "os": "win32", "cpu": "arm64" }, "sha512-LwRTv/30zlms4BaJrfW+ZnihdIvOku0Rrdo0FfMwSt7HlYfZdoB1yibTkC8yLfRlnbxyR0d57AQPjRasKAgyyQ=="],

    "@oxlint-tsgolint/win32-x64": ["@oxlint-tsgolint/win32-x64@0.8.4", "", { "os": "win32", "cpu": "x64" }, "sha512-jg2OezQ4Wwe+B3bOAUWH3CQdu/r5XtYwG/mwmgueL4KLmbJyO47w40hjBESHHgD8057BuHhJrf7lZpZN80bdzw=="],

    "@oxlint/darwin-arm64": ["@oxlint/darwin-arm64@1.32.0", "", { "os": "darwin", "cpu": "arm64" }, "sha512-yrqPmZYu5Qb+49h0P5EXVIq8VxYkDDM6ZQrWzlh16+UGFcD8HOXs4oF3g9RyfaoAbShLCXooSQsM/Ifwx8E/eQ=="],

    "@oxlint/darwin-x64": ["@oxlint/darwin-x64@1.32.0", "", { "os": "darwin", "cpu": "x64" }, "sha512-pQRZrJG/2nAKc3IuocFbaFFbTDlQsjz2WfivRsMn0hw65EEsSuM84WMFMiAfLpTGyTICeUtHZLHlrM5lzVr36A=="],

    "@oxlint/linux-arm64-gnu": ["@oxlint/linux-arm64-gnu@1.32.0", "", { "os": "linux", "cpu": "arm64" }, "sha512-tyomSmU2DzwcTmbaWFmStHgVfRmJDDvqcIvcw4fRB1YlL2Qg/XaM4NJ0m2bdTap38gxD5FSxSgCo0DkQ8GTolg=="],

    "@oxlint/linux-arm64-musl": ["@oxlint/linux-arm64-musl@1.32.0", "", { "os": "linux", "cpu": "arm64" }, "sha512-0W46dRMaf71OGE4+Rd+GHfS1uF/UODl5Mef6871pMhN7opPGfTI2fKJxh9VzRhXeSYXW/Z1EuCq9yCfmIJq+5Q=="],

    "@oxlint/linux-x64-gnu": ["@oxlint/linux-x64-gnu@1.32.0", "", { "os": "linux", "cpu": "x64" }, "sha512-5+6myVCBOMvM62rDB9T3CARXUvIwhGqte6E+HoKRwYaqsxGUZ4bh3pItSgSFwHjLGPrvADS11qJUkk39eQQBzQ=="],

    "@oxlint/linux-x64-musl": ["@oxlint/linux-x64-musl@1.32.0", "", { "os": "linux", "cpu": "x64" }, "sha512-qwQlwYYgVIC6ScjpUwiKKNyVdUlJckrfwPVpIjC9mvglIQeIjKuuyaDxUZWIOc/rEzeCV/tW6tcbehLkfEzqsw=="],

    "@oxlint/win32-arm64": ["@oxlint/win32-arm64@1.32.0", "", { "os": "win32", "cpu": "arm64" }, "sha512-7qYZF9CiXGtdv8Z/fBkgB5idD2Zokht67I5DKWH0fZS/2R232sDqW2JpWVkXltk0+9yFvmvJ0ouJgQRl9M3S2g=="],

    "@oxlint/win32-x64": ["@oxlint/win32-x64@1.32.0", "", { "os": "win32", "cpu": "x64" }, "sha512-XW1xqCj34MEGJlHteqasTZ/LmBrwYIgluhNW0aP+XWkn90+stKAq3W/40dvJKbMK9F7o09LPCuMVtUW7FIUuiA=="],

    "@types/bun": ["@types/bun@1.3.4", "", { "dependencies": { "bun-types": "1.3.4" } }, "sha512-EEPTKXHP+zKGPkhRLv+HI0UEX8/o+65hqARxLy8Ov5rIxMBPNTjeZww00CIihrIQGEQBYg+0roO5qOnS/7boGA=="],

    "@types/node": ["@types/node@24.10.2", "", { "dependencies": { "undici-types": "~7.16.0" } }, "sha512-WOhQTZ4G8xZ1tjJTvKOpyEVSGgOTvJAfDK3FNFgELyaTpzhdgHVHeqW8V+UJvzF5BT+/B54T/1S2K6gd9c7bbA=="],

    "@typescript/native-preview": ["@typescript/native-preview@7.0.0-dev.20251209.1", "", { "optionalDependencies": { "@typescript/native-preview-darwin-arm64": "7.0.0-dev.20251209.1", "@typescript/native-preview-darwin-x64": "7.0.0-dev.20251209.1", "@typescript/native-preview-linux-arm": "7.0.0-dev.20251209.1", "@typescript/native-preview-linux-arm64": "7.0.0-dev.20251209.1", "@typescript/native-preview-linux-x64": "7.0.0-dev.20251209.1", "@typescript/native-preview-win32-arm64": "7.0.0-dev.20251209.1", "@typescript/native-preview-win32-x64": "7.0.0-dev.20251209.1" }, "bin": { "tsgo": "bin/tsgo.js" } }, "sha512-xnx3A1S1TTx+mx8FfP1UwkNTwPBmhGCbOh4PDNRUV5gDZkVuDDN3y1F7NPGSMg6MXE1KKPSLNM+PQMN33ZAL2Q=="],

    "@typescript/native-preview-darwin-arm64": ["@typescript/native-preview-darwin-arm64@7.0.0-dev.20251209.1", "", { "os": "darwin", "cpu": "arm64" }, "sha512-F1cnYi+ZeinYQnaTQKKIsbuoq8vip5iepBkSZXlB8PjbG62LW1edUdktd/nVEc+Q+SEysSQ3jRdk9eU766s5iw=="],

    "@typescript/native-preview-darwin-x64": ["@typescript/native-preview-darwin-x64@7.0.0-dev.20251209.1", "", { "os": "darwin", "cpu": "x64" }, "sha512-Ta6XKdAxEMBzd1xS4eQKXmlUkml+kMf23A9qFoegOxmyCdHJPak2gLH9ON5/C6js0ibZm1kdqwbcA0/INrcThg=="],

    "@typescript/native-preview-linux-arm": ["@typescript/native-preview-linux-arm@7.0.0-dev.20251209.1", "", { "os": "linux", "cpu": "arm" }, "sha512-4e7WSBLLdmfJUGzm9Id4WA2fDZ2sY3Q6iudyZPNSb5AFsCmqQksM/JGAlNROHpi/tIqo95e3ckbjmrZTmH60EA=="],

    "@typescript/native-preview-linux-arm64": ["@typescript/native-preview-linux-arm64@7.0.0-dev.20251209.1", "", { "os": "linux", "cpu": "arm64" }, "sha512-kdiPMvs1hwi76hgvZjz4XQVNYTV+MAbJKnHXz6eL6aVXoTYzNtan5vWywKOHv9rV4jBMyVlZqtKbeG/XVV9WdQ=="],

    "@typescript/native-preview-linux-x64": ["@typescript/native-preview-linux-x64@7.0.0-dev.20251209.1", "", { "os": "linux", "cpu": "x64" }, "sha512-dH/Z50Xb52N4Csd0BXptmjuMN+87AhUAjM9Y5rNU8VwcUJJDFpKM6aKUhd4Q+XEVJWPFPlKDLx3pVhnO31CBhQ=="],

    "@typescript/native-preview-win32-arm64": ["@typescript/native-preview-win32-arm64@7.0.0-dev.20251209.1", "", { "os": "win32", "cpu": "arm64" }, "sha512-vW7IGRNIUhhQ0vzFY3sRNxvYavNGum2OWgW1Bwc05yhg9AexBlRjdhsUSTLQ2dUeaDm2nx4i38LhXIVgLzMNeA=="],

    "@typescript/native-preview-win32-x64": ["@typescript/native-preview-win32-x64@7.0.0-dev.20251209.1", "", { "os": "win32", "cpu": "x64" }, "sha512-jKT6npBrhRX/84LWSy9PbOWx2USTZhq9SOkvH2mcnU/+uqyNxZIMMVnW5exIyzcnWSPly3jK2qpfiHNjdrDaAA=="],

    "bun-types": ["bun-types@1.3.4", "", { "dependencies": { "@types/node": "*" } }, "sha512-5ua817+BZPZOlNaRgGBpZJOSAQ9RQ17pkwPD0yR7CfJg+r8DgIILByFifDTa+IPDDxzf5VNhtNlcKqFzDgJvlQ=="],

    "oxfmt": ["oxfmt@0.17.0", "", { "optionalDependencies": { "@oxfmt/darwin-arm64": "0.17.0", "@oxfmt/darwin-x64": "0.17.0", "@oxfmt/linux-arm64-gnu": "0.17.0", "@oxfmt/linux-arm64-musl": "0.17.0", "@oxfmt/linux-x64-gnu": "0.17.0", "@oxfmt/linux-x64-musl": "0.17.0", "@oxfmt/win32-arm64": "0.17.0", "@oxfmt/win32-x64": "0.17.0" }, "bin": { "oxfmt": "bin/oxfmt" } }, "sha512-12Rmq2ub61rUZ3Pqnsvmo99rRQ6hQJwQsjnFnbvXYLMrlIsWT6SFVsrjAkBBrkXXSHv8ePIpKQ0nZph5KDrOqw=="],

    "oxlint": ["oxlint@1.32.0", "", { "optionalDependencies": { "@oxlint/darwin-arm64": "1.32.0", "@oxlint/darwin-x64": "1.32.0", "@oxlint/linux-arm64-gnu": "1.32.0", "@oxlint/linux-arm64-musl": "1.32.0", "@oxlint/linux-x64-gnu": "1.32.0", "@oxlint/linux-x64-musl": "1.32.0", "@oxlint/win32-arm64": "1.32.0", "@oxlint/win32-x64": "1.32.0" }, "peerDependencies": { "oxlint-tsgolint": ">=0.8.1" }, "optionalPeers": ["oxlint-tsgolint"], "bin": { "oxlint": "bin/oxlint", "oxc_language_server": "bin/oxc_language_server" } }, "sha512-HYDQCga7flsdyLMUIxTgSnEx5KBxpP9VINB8NgO+UjV80xBiTQXyVsvjtneMT3ZBLMbL0SlG/Dm03XQAsEshMA=="],

    "oxlint-tsgolint": ["oxlint-tsgolint@0.8.4", "", { "optionalDependencies": { "@oxlint-tsgolint/darwin-arm64": "0.8.4", "@oxlint-tsgolint/darwin-x64": "0.8.4", "@oxlint-tsgolint/linux-arm64": "0.8.4", "@oxlint-tsgolint/linux-x64": "0.8.4", "@oxlint-tsgolint/win32-arm64": "0.8.4", "@oxlint-tsgolint/win32-x64": "0.8.4" }, "bin": { "tsgolint": "bin/tsgolint.js" } }, "sha512-0eyQ83M0JpeA8a4SPk61xwxBw+N9jMolDCLmzoD9J8HcL3BGTEcOLb5Ud7nCcmM3hSYzO91RqNPHayESG+os2A=="],

    "undici-types": ["undici-types@7.16.0", "", {}, "sha512-Zz+aZWSj8LE6zoxD+xrjh4VfkIG8Ya6LvYkZqtUQGJPZjYl53ypCaUwWqo7eI0x66KBGeRo+mlBEkMSeSZ38Nw=="],
  }
}
